
Microsoft Visual Studio Solution File, Format Version 12.00
# Visual Studio Version 17
VisualStudioVersion = 17.4.33027.239
MinimumVisualStudioVersion = 10.0.40219.1
Project("{FAE04EC0-301F-11D3-BF4B-00C04F79EFBC}") = "Levriers", "Levriers\Levriers.csproj", "{BF5B759F-987E-40D9-B824-64C228A0986A}"
EndProject
Global
	GlobalSection(SolutionConfigurationPlatforms) = preSolution
		Debug|Any CPU = Debug|Any CPU
		Release|Any CPU = Release|Any CPU
	EndGlobalSection
	GlobalSection(ProjectConfigurationPlatforms) = postSolution
		{BF5B759F-987E-40D9-B824-64C228A0986A}.Debug|Any CPU.ActiveCfg = Debug|Any CPU
		{BF5B759F-987E-40D9-B824-64C228A0986A}.Debug|Any CPU.Build.0 = Debug|Any CPU
		{BF5B759F-987E-40D9-B824-64C228A0986A}.Release|Any CPU.ActiveCfg = Release|Any CPU
		{BF5B759F-987E-40D9-B824-64C228A0986A}.Release|Any CPU.Build.0 = Release|Any CPU
	EndGlobalSection
	GlobalSection(SolutionProperties) = preSolution
		HideSolutionNode = FALSE
	EndGlobalSection
	GlobalSection(ExtensibilityGlobals) = postSolution
		SolutionGuid = {E2A419F8-C607-4E6A-B16F-59F6F2E5F5E5}
	EndGlobalSection
EndGlobal
