
Microsoft Visual Studio Solution File, Format Version 12.00
# Visual Studio Version 17
VisualStudioVersion = 17.4.32804.182
MinimumVisualStudioVersion = 10.0.40219.1
Project("{FAE04EC0-301F-11D3-BF4B-00C04F79EFBC}") = "P622_I1_Simon", "P622_I1_Simon\P622_I1_Simon.csproj", "{1DEED9D8-B1EF-41CE-9860-72DBB971D715}"
EndProject
Global
	GlobalSection(SolutionConfigurationPlatforms) = preSolution
		Debug|Any CPU = Debug|Any CPU
		Release|Any CPU = Release|Any CPU
	EndGlobalSection
	GlobalSection(ProjectConfigurationPlatforms) = postSolution
		{1DEED9D8-B1EF-41CE-9860-72DBB971D715}.Debug|Any CPU.ActiveCfg = Debug|Any CPU
		{1DEED9D8-B1EF-41CE-9860-72DBB971D715}.Debug|Any CPU.Build.0 = Debug|Any CPU
		{1DEED9D8-B1EF-41CE-9860-72DBB971D715}.Release|Any CPU.ActiveCfg = Release|Any CPU
		{1DEED9D8-B1EF-41CE-9860-72DBB971D715}.Release|Any CPU.Build.0 = Release|Any CPU
	EndGlobalSection
	GlobalSection(SolutionProperties) = preSolution
		HideSolutionNode = FALSE
	EndGlobalSection
	GlobalSection(ExtensibilityGlobals) = postSolution
		SolutionGuid = {37A5985A-75A7-46DB-8D82-40123B1B58D2}
	EndGlobalSection
EndGlobal
