
Microsoft Visual Studio Solution File, Format Version 12.00
# Visual Studio Version 17
VisualStudioVersion = 17.4.32804.182
MinimumVisualStudioVersion = 10.0.40219.1
Project("{FAE04EC0-301F-11D3-BF4B-00C04F79EFBC}") = "Trinome", "Trinome\Trinome.csproj", "{ED65BF65-80C4-407D-A832-8FC71B79104D}"
EndProject
Global
	GlobalSection(SolutionConfigurationPlatforms) = preSolution
		Debug|Any CPU = Debug|Any CPU
		Release|Any CPU = Release|Any CPU
	EndGlobalSection
	GlobalSection(ProjectConfigurationPlatforms) = postSolution
		{ED65BF65-80C4-407D-A832-8FC71B79104D}.Debug|Any CPU.ActiveCfg = Debug|Any CPU
		{ED65BF65-80C4-407D-A832-8FC71B79104D}.Debug|Any CPU.Build.0 = Debug|Any CPU
		{ED65BF65-80C4-407D-A832-8FC71B79104D}.Release|Any CPU.ActiveCfg = Release|Any CPU
		{ED65BF65-80C4-407D-A832-8FC71B79104D}.Release|Any CPU.Build.0 = Release|Any CPU
	EndGlobalSection
	GlobalSection(SolutionProperties) = preSolution
		HideSolutionNode = FALSE
	EndGlobalSection
	GlobalSection(ExtensibilityGlobals) = postSolution
		SolutionGuid = {B596D28E-C1F4-4B99-ABC0-C1B69C8EE916}
	EndGlobalSection
EndGlobal
